
Microsoft Visual Studio Solution File, Format Version 12.00
# Visual Studio Version 17
VisualStudioVersion = 17.7.34031.279
MinimumVisualStudioVersion = 10.0.40219.1
Project("{8BC9CEB8-8B4A-11D0-8D11-00A0C91BC942}") = "IPcalcWin32", "IPcalcWin32\IPcalcWin32.vcxproj", "{758BEB66-9645-455B-B838-2BED4EAF4EAC}"
	ProjectSection(ProjectDependencies) = postProject
		{5B3D2FBB-11BE-4CA1-8675-52FB35ED8195} = {5B3D2FBB-11BE-4CA1-8675-52FB35ED8195}
	EndProjectSection
EndProject
Project("{8BC9CEB8-8B4A-11D0-8D11-00A0C91BC942}") = "TCPserver", "TCPserver\TCPserver.vcxproj", "{5B3D2FBB-11BE-4CA1-8675-52FB35ED8195}"
EndProject
Project("{8BC9CEB8-8B4A-11D0-8D11-00A0C91BC942}") = "TCPclient", "TCPclient\TCPclient.vcxproj", "{5F733749-1592-40AB-B344-55272B088F13}"
EndProject
Project("{8BC9CEB8-8B4A-11D0-8D11-00A0C91BC942}") = "WinSocketChat", "WinSocketChat\WinSocketChat.vcxproj", "{79B728AE-5D17-491B-80CB-B33C1438545C}"
EndProject
Global
	GlobalSection(SolutionConfigurationPlatforms) = preSolution
		Debug|x64 = Debug|x64
		Debug|x86 = Debug|x86
		Release|x64 = Release|x64
		Release|x86 = Release|x86
	EndGlobalSection
	GlobalSection(ProjectConfigurationPlatforms) = postSolution
		{758BEB66-9645-455B-B838-2BED4EAF4EAC}.Debug|x64.ActiveCfg = Debug|x64
		{758BEB66-9645-455B-B838-2BED4EAF4EAC}.Debug|x64.Build.0 = Debug|x64
		{758BEB66-9645-455B-B838-2BED4EAF4EAC}.Debug|x86.ActiveCfg = Debug|Win32
		{758BEB66-9645-455B-B838-2BED4EAF4EAC}.Debug|x86.Build.0 = Debug|Win32
		{758BEB66-9645-455B-B838-2BED4EAF4EAC}.Release|x64.ActiveCfg = Release|x64
		{758BEB66-9645-455B-B838-2BED4EAF4EAC}.Release|x64.Build.0 = Release|x64
		{758BEB66-9645-455B-B838-2BED4EAF4EAC}.Release|x86.ActiveCfg = Release|Win32
		{758BEB66-9645-455B-B838-2BED4EAF4EAC}.Release|x86.Build.0 = Release|Win32
		{5B3D2FBB-11BE-4CA1-8675-52FB35ED8195}.Debug|x64.ActiveCfg = Debug|x64
		{5B3D2FBB-11BE-4CA1-8675-52FB35ED8195}.Debug|x64.Build.0 = Debug|x64
		{5B3D2FBB-11BE-4CA1-8675-52FB35ED8195}.Debug|x86.ActiveCfg = Debug|Win32
		{5B3D2FBB-11BE-4CA1-8675-52FB35ED8195}.Debug|x86.Build.0 = Debug|Win32
		{5B3D2FBB-11BE-4CA1-8675-52FB35ED8195}.Release|x64.ActiveCfg = Release|x64
		{5B3D2FBB-11BE-4CA1-8675-52FB35ED8195}.Release|x64.Build.0 = Release|x64
		{5B3D2FBB-11BE-4CA1-8675-52FB35ED8195}.Release|x86.ActiveCfg = Release|Win32
		{5B3D2FBB-11BE-4CA1-8675-52FB35ED8195}.Release|x86.Build.0 = Release|Win32
		{5F733749-1592-40AB-B344-55272B088F13}.Debug|x64.ActiveCfg = Debug|x64
		{5F733749-1592-40AB-B344-55272B088F13}.Debug|x64.Build.0 = Debug|x64
		{5F733749-1592-40AB-B344-55272B088F13}.Debug|x86.ActiveCfg = Debug|Win32
		{5F733749-1592-40AB-B344-55272B088F13}.Debug|x86.Build.0 = Debug|Win32
		{5F733749-1592-40AB-B344-55272B088F13}.Release|x64.ActiveCfg = Release|x64
		{5F733749-1592-40AB-B344-55272B088F13}.Release|x64.Build.0 = Release|x64
		{5F733749-1592-40AB-B344-55272B088F13}.Release|x86.ActiveCfg = Release|Win32
		{5F733749-1592-40AB-B344-55272B088F13}.Release|x86.Build.0 = Release|Win32
		{79B728AE-5D17-491B-80CB-B33C1438545C}.Debug|x64.ActiveCfg = Debug|x64
		{79B728AE-5D17-491B-80CB-B33C1438545C}.Debug|x64.Build.0 = Debug|x64
		{79B728AE-5D17-491B-80CB-B33C1438545C}.Debug|x86.ActiveCfg = Debug|Win32
		{79B728AE-5D17-491B-80CB-B33C1438545C}.Debug|x86.Build.0 = Debug|Win32
		{79B728AE-5D17-491B-80CB-B33C1438545C}.Release|x64.ActiveCfg = Release|x64
		{79B728AE-5D17-491B-80CB-B33C1438545C}.Release|x64.Build.0 = Release|x64
		{79B728AE-5D17-491B-80CB-B33C1438545C}.Release|x86.ActiveCfg = Release|Win32
		{79B728AE-5D17-491B-80CB-B33C1438545C}.Release|x86.Build.0 = Release|Win32
	EndGlobalSection
	GlobalSection(SolutionProperties) = preSolution
		HideSolutionNode = FALSE
	EndGlobalSection
	GlobalSection(ExtensibilityGlobals) = postSolution
		SolutionGuid = {D08D9385-5637-493E-9B02-2E7B9111A3B0}
	EndGlobalSection
EndGlobal
